
Microsoft Visual Studio Solution File, Format Version 12.00
# Visual Studio Version 16
VisualStudioVersion = 16.0.29503.13
MinimumVisualStudioVersion = 10.0.40219.1
Project("{9A19103F-16F7-4668-BE54-9A1E7A4F7556}") = "DIAndCommonAppSettings.Demo1", "DIAndCommonAppSettings.Demo1\DIAndCommonAppSettings.Demo1.csproj", "{9DD5B9C7-2C68-42F8-A0B0-8AEAEE80E4FA}"
EndProject
Project("{9A19103F-16F7-4668-BE54-9A1E7A4F7556}") = "DIAndCommonAppSettings.Demo2", "DIAndCommonAppSettings.Demo2\DIAndCommonAppSettings.Demo2.csproj", "{03F40752-13D3-4034-971B-386E899E94AF}"
EndProject
Project("{FAE04EC0-301F-11D3-BF4B-00C04F79EFBC}") = "DIAndCommonAppSettings.Demo3", "DIAndCommonAppSettings.Demo3\DIAndCommonAppSettings.Demo3.csproj", "{D3257867-AAD8-4D8B-A42C-3C9D5E33B4F7}"
EndProject
Global
	GlobalSection(SolutionConfigurationPlatforms) = preSolution
		Debug|Any CPU = Debug|Any CPU
		Release|Any CPU = Release|Any CPU
	EndGlobalSection
	GlobalSection(ProjectConfigurationPlatforms) = postSolution
		{9DD5B9C7-2C68-42F8-A0B0-8AEAEE80E4FA}.Debug|Any CPU.ActiveCfg = Debug|Any CPU
		{9DD5B9C7-2C68-42F8-A0B0-8AEAEE80E4FA}.Debug|Any CPU.Build.0 = Debug|Any CPU
		{9DD5B9C7-2C68-42F8-A0B0-8AEAEE80E4FA}.Release|Any CPU.ActiveCfg = Release|Any CPU
		{9DD5B9C7-2C68-42F8-A0B0-8AEAEE80E4FA}.Release|Any CPU.Build.0 = Release|Any CPU
		{03F40752-13D3-4034-971B-386E899E94AF}.Debug|Any CPU.ActiveCfg = Debug|Any CPU
		{03F40752-13D3-4034-971B-386E899E94AF}.Debug|Any CPU.Build.0 = Debug|Any CPU
		{03F40752-13D3-4034-971B-386E899E94AF}.Release|Any CPU.ActiveCfg = Release|Any CPU
		{03F40752-13D3-4034-971B-386E899E94AF}.Release|Any CPU.Build.0 = Release|Any CPU
		{D3257867-AAD8-4D8B-A42C-3C9D5E33B4F7}.Debug|Any CPU.ActiveCfg = Debug|Any CPU
		{D3257867-AAD8-4D8B-A42C-3C9D5E33B4F7}.Debug|Any CPU.Build.0 = Debug|Any CPU
		{D3257867-AAD8-4D8B-A42C-3C9D5E33B4F7}.Release|Any CPU.ActiveCfg = Release|Any CPU
		{D3257867-AAD8-4D8B-A42C-3C9D5E33B4F7}.Release|Any CPU.Build.0 = Release|Any CPU
	EndGlobalSection
	GlobalSection(SolutionProperties) = preSolution
		HideSolutionNode = FALSE
	EndGlobalSection
	GlobalSection(ExtensibilityGlobals) = postSolution
		SolutionGuid = {B8F5BF3A-36BD-4958-8D6A-B05333F836E2}
	EndGlobalSection
EndGlobal
